// !$*UTF8*$!
{
	archiveVersion = 1;
	classes = {
	};
	objectVersion = 45;
	objects = {

/* Begin PBXBuildFile section */
		1A0D099C16FB7F7400CB4EFA /* Default-568h@2x.png in Resources */ = {isa = PBXBuildFile; fileRef = 1A0D099B16FB7F7400CB4EFA /* Default-568h@2x.png */; };
		1D3623260D0F684500981E51 /* Tattoo_IQ_QuizAppDelegate.m in Sources */ = {isa = PBXBuildFile; fileRef = 1D3623250D0F684500981E51 /* Tattoo_IQ_QuizAppDelegate.m */; };
		1D60589B0D05DD56006BFB54 /* main.m in Sources */ = {isa = PBXBuildFile; fileRef = 29B97316FDCFA39411CA2CEA /* main.m */; };
		1D60589F0D05DD5A006BFB54 /* Foundation.framework in Frameworks */ = {isa = PBXBuildFile; fileRef = 1D30AB110D05D00D00671497 /* Foundation.framework */; };
		1DF5F4E00D08C38300B7A737 /* UIKit.framework in Frameworks */ = {isa = PBXBuildFile; fileRef = 1DF5F4DF0D08C38300B7A737 /* UIKit.framework */; };
		288765A50DF7441C002DB57D /* CoreGraphics.framework in Frameworks */ = {isa = PBXBuildFile; fileRef = 288765A40DF7441C002DB57D /* CoreGraphics.framework */; };
		2899E5220DE3E06400AC0155 /* Tattoo_IQ_QuizViewController.xib in Resources */ = {isa = PBXBuildFile; fileRef = 2899E5210DE3E06400AC0155 /* Tattoo_IQ_QuizViewController.xib */; };
		28AD733F0D9D9553002E5188 /* MainWindow.xib in Resources */ = {isa = PBXBuildFile; fileRef = 28AD733E0D9D9553002E5188 /* MainWindow.xib */; };
		28D7ACF80DDB3853001CB0EB /* Tattoo_IQ_QuizViewController.m in Sources */ = {isa = PBXBuildFile; fileRef = 28D7ACF70DDB3853001CB0EB /* Tattoo_IQ_QuizViewController.m */; };
		F009E3ED1132D04A002AE76A /* TryAgain_tattooIQ.jpg in Resources */ = {isa = PBXBuildFile; fileRef = F009E3EC1132D04A002AE76A /* TryAgain_tattooIQ.jpg */; };
		F009E3F51132D2E3002AE76A /* Twitter_tattooIQ.jpg in Resources */ = {isa = PBXBuildFile; fileRef = F009E3F41132D2E3002AE76A /* Twitter_tattooIQ.jpg */; };
		F009E3F71132D2F9002AE76A /* MoreApps_tattooIQ.jpg in Resources */ = {isa = PBXBuildFile; fileRef = F009E3F61132D2F9002AE76A /* MoreApps_tattooIQ.jpg */; };
		F011293710F9FE8000ECB428 /* Default.jpg in Resources */ = {isa = PBXBuildFile; fileRef = F011293610F9FE8000ECB428 /* Default.jpg */; };
		F011297B10FB987E00ECB428 /* InfoViewController.m in Sources */ = {isa = PBXBuildFile; fileRef = F011297A10FB987E00ECB428 /* InfoViewController.m */; };
		F011297D10FB989600ECB428 /* InfoViewController.xib in Resources */ = {isa = PBXBuildFile; fileRef = F011297C10FB989600ECB428 /* InfoViewController.xib */; };
		F011298010FB98EE00ECB428 /* _TattIQ_InfoPage_480x320.jpg in Resources */ = {isa = PBXBuildFile; fileRef = F011297F10FB98EE00ECB428 /* _TattIQ_InfoPage_480x320.jpg */; };
		F0150707111F483C0031C193 /* FinalViewController.m in Sources */ = {isa = PBXBuildFile; fileRef = F0150705111F483C0031C193 /* FinalViewController.m */; };
		F0150708111F483C0031C193 /* FinalViewController.xib in Resources */ = {isa = PBXBuildFile; fileRef = F0150706111F483C0031C193 /* FinalViewController.xib */; };
		F0150796111FA3090031C193 /* MiddleScoreViewController.m in Sources */ = {isa = PBXBuildFile; fileRef = F0150794111FA3090031C193 /* MiddleScoreViewController.m */; };
		F0150797111FA3090031C193 /* MiddleScoreViewController.xib in Resources */ = {isa = PBXBuildFile; fileRef = F0150795111FA3090031C193 /* MiddleScoreViewController.xib */; };
		F015079B111FA33B0031C193 /* LowScoreViewConroller.m in Sources */ = {isa = PBXBuildFile; fileRef = F0150799111FA33B0031C193 /* LowScoreViewConroller.m */; };
		F015079C111FA33B0031C193 /* LowScoreViewConroller.xib in Resources */ = {isa = PBXBuildFile; fileRef = F015079A111FA33B0031C193 /* LowScoreViewConroller.xib */; };
		F015082811206B680031C193 /* HellCityAppsViewController.m in Sources */ = {isa = PBXBuildFile; fileRef = F015082611206B680031C193 /* HellCityAppsViewController.m */; };
		F015082911206B680031C193 /* HellCityAppsViewController.xib in Resources */ = {isa = PBXBuildFile; fileRef = F015082711206B680031C193 /* HellCityAppsViewController.xib */; };
		F0150843112074220031C193 /* TwitterViewController.m in Sources */ = {isa = PBXBuildFile; fileRef = F0150841112074220031C193 /* TwitterViewController.m */; };
		F0150844112074220031C193 /* TwitterViewController.xib in Resources */ = {isa = PBXBuildFile; fileRef = F0150842112074220031C193 /* TwitterViewController.xib */; };
		F0180D0D11F4AFFC0042D979 /* iTunesArtWork in Resources */ = {isa = PBXBuildFile; fileRef = F0180D0C11F4AFFC0042D979 /* iTunesArtWork */; };
		F0286D0B10ED0D6A008EA040 /* icon.png in Resources */ = {isa = PBXBuildFile; fileRef = F0286D0A10ED0D6A008EA040 /* icon.png */; };
		F0286D4310EE09D4008EA040 /* Quiz_GameViewController.m in Sources */ = {isa = PBXBuildFile; fileRef = F0286D4210EE09D4008EA040 /* Quiz_GameViewController.m */; };
		F0286D4710EE0A1D008EA040 /* Quiz_GameViewController.xib in Resources */ = {isa = PBXBuildFile; fileRef = F0286D4610EE0A1D008EA040 /* Quiz_GameViewController.xib */; };
		F028B16B113357A4005C3AB3 /* Facebook_IQ_Button.png in Resources */ = {isa = PBXBuildFile; fileRef = F028B167113357A4005C3AB3 /* Facebook_IQ_Button.png */; };
		F028B16C113357A4005C3AB3 /* TryAgain_IQ_Button.png in Resources */ = {isa = PBXBuildFile; fileRef = F028B168113357A4005C3AB3 /* TryAgain_IQ_Button.png */; };
		F028B16D113357A4005C3AB3 /* Twitter_IQ_Button.png in Resources */ = {isa = PBXBuildFile; fileRef = F028B169113357A4005C3AB3 /* Twitter_IQ_Button.png */; };
		F028B16E113357A4005C3AB3 /* MoreHellCityApps_IQ_Button.png in Resources */ = {isa = PBXBuildFile; fileRef = F028B16A113357A4005C3AB3 /* MoreHellCityApps_IQ_Button.png */; };
		F0D608101137EEC900D516BC /* Entitlements.plist in Resources */ = {isa = PBXBuildFile; fileRef = F0D6080F1137EEC900D516BC /* Entitlements.plist */; };
		F0EC167D10F76C2C00C1F361 /* _TattIQ_Questions_480x320.jpg in Resources */ = {isa = PBXBuildFile; fileRef = F0EC167C10F76C2C00C1F361 /* _TattIQ_Questions_480x320.jpg */; };
		F0F3CC3C12031F4400A3599C /* QuestionHintText.m in Sources */ = {isa = PBXBuildFile; fileRef = F0F3CC3B12031F4400A3599C /* QuestionHintText.m */; };
		F0F3CC3F12031F9600A3599C /* QuestionsThiredGeneration.m in Sources */ = {isa = PBXBuildFile; fileRef = F0F3CC3E12031F9600A3599C /* QuestionsThiredGeneration.m */; };
/* End PBXBuildFile section */

/* Begin PBXFileReference section */
		1A0D099B16FB7F7400CB4EFA /* Default-568h@2x.png */ = {isa = PBXFileReference; lastKnownFileType = image.png; path = "Default-568h@2x.png"; sourceTree = "<group>"; };
		1D30AB110D05D00D00671497 /* Foundation.framework */ = {isa = PBXFileReference; lastKnownFileType = wrapper.framework; name = Foundation.framework; path = System/Library/Frameworks/Foundation.framework; sourceTree = SDKROOT; };
		1D3623240D0F684500981E51 /* Tattoo_IQ_QuizAppDelegate.h */ = {isa = PBXFileReference; fileEncoding = 4; lastKnownFileType = sourcecode.c.h; path = Tattoo_IQ_QuizAppDelegate.h; sourceTree = "<group>"; };
		1D3623250D0F684500981E51 /* Tattoo_IQ_QuizAppDelegate.m */ = {isa = PBXFileReference; fileEncoding = 4; lastKnownFileType = sourcecode.c.objc; path = Tattoo_IQ_QuizAppDelegate.m; sourceTree = "<group>"; };
		1DF5F4DF0D08C38300B7A737 /* UIKit.framework */ = {isa = PBXFileReference; lastKnownFileType = wrapper.framework; name = UIKit.framework; path = System/Library/Frameworks/UIKit.framework; sourceTree = SDKROOT; };
		288765A40DF7441C002DB57D /* CoreGraphics.framework */ = {isa = PBXFileReference; lastKnownFileType = wrapper.framework; name = CoreGraphics.framework; path = System/Library/Frameworks/CoreGraphics.framework; sourceTree = SDKROOT; };
		2899E5210DE3E06400AC0155 /* Tattoo_IQ_QuizViewController.xib */ = {isa = PBXFileReference; lastKnownFileType = file.xib; path = Tattoo_IQ_QuizViewController.xib; sourceTree = "<group>"; };
		28AD733E0D9D9553002E5188 /* MainWindow.xib */ = {isa = PBXFileReference; lastKnownFileType = file.xib; path = MainWindow.xib; sourceTree = "<group>"; };
		28D7ACF60DDB3853001CB0EB /* Tattoo_IQ_QuizViewController.h */ = {isa = PBXFileReference; fileEncoding = 4; lastKnownFileType = sourcecode.c.h; path = Tattoo_IQ_QuizViewController.h; sourceTree = "<group>"; };
		28D7ACF70DDB3853001CB0EB /* Tattoo_IQ_QuizViewController.m */ = {isa = PBXFileReference; fileEncoding = 4; lastKnownFileType = sourcecode.c.objc; path = Tattoo_IQ_QuizViewController.m; sourceTree = "<group>"; };
		29B97316FDCFA39411CA2CEA /* main.m */ = {isa = PBXFileReference; fileEncoding = 4; lastKnownFileType = sourcecode.c.objc; path = main.m; sourceTree = "<group>"; };
		32CA4F630368D1EE00C91783 /* Tattoo_IQ_Quiz_Prefix.pch */ = {isa = PBXFileReference; fileEncoding = 4; lastKnownFileType = sourcecode.c.h; path = Tattoo_IQ_Quiz_Prefix.pch; sourceTree = "<group>"; };
		8D1107310486CEB800E47090 /* Info.plist */ = {isa = PBXFileReference; fileEncoding = 4; lastKnownFileType = text.plist.xml; path = Info.plist; sourceTree = "<group>"; };
		F009E3EC1132D04A002AE76A /* TryAgain_tattooIQ.jpg */ = {isa = PBXFileReference; lastKnownFileType = image.jpeg; path = TryAgain_tattooIQ.jpg; sourceTree = "<group>"; };
		F009E3F41132D2E3002AE76A /* Twitter_tattooIQ.jpg */ = {isa = PBXFileReference; lastKnownFileType = image.jpeg; path = Twitter_tattooIQ.jpg; sourceTree = "<group>"; };
		F009E3F61132D2F9002AE76A /* MoreApps_tattooIQ.jpg */ = {isa = PBXFileReference; lastKnownFileType = image.jpeg; path = MoreApps_tattooIQ.jpg; sourceTree = "<group>"; };
		F011293610F9FE8000ECB428 /* Default.jpg */ = {isa = PBXFileReference; lastKnownFileType = image.jpeg; path = Default.jpg; sourceTree = "<group>"; };
		F011297910FB987E00ECB428 /* InfoViewController.h */ = {isa = PBXFileReference; fileEncoding = 4; lastKnownFileType = sourcecode.c.h; path = InfoViewController.h; sourceTree = "<group>"; };
		F011297A10FB987E00ECB428 /* InfoViewController.m */ = {isa = PBXFileReference; fileEncoding = 4; lastKnownFileType = sourcecode.c.objc; path = InfoViewController.m; sourceTree = "<group>"; };
		F011297C10FB989600ECB428 /* InfoViewController.xib */ = {isa = PBXFileReference; lastKnownFileType = file.xib; path = InfoViewController.xib; sourceTree = "<group>"; };
		F011297F10FB98EE00ECB428 /* _TattIQ_InfoPage_480x320.jpg */ = {isa = PBXFileReference; lastKnownFileType = image.jpeg; path = _TattIQ_InfoPage_480x320.jpg; sourceTree = "<group>"; };
		F0150704111F483C0031C193 /* FinalViewController.h */ = {isa = PBXFileReference; fileEncoding = 4; lastKnownFileType = sourcecode.c.h; path = FinalViewController.h; sourceTree = "<group>"; };
		F0150705111F483C0031C193 /* FinalViewController.m */ = {isa = PBXFileReference; fileEncoding = 4; lastKnownFileType = sourcecode.c.objc; path = FinalViewController.m; sourceTree = "<group>"; };
		F0150706111F483C0031C193 /* FinalViewController.xib */ = {isa = PBXFileReference; lastKnownFileType = file.xib; name = FinalViewController.xib; path = Classes/FinalViewController.xib; sourceTree = "<group>"; };
		F0150793111FA3090031C193 /* MiddleScoreViewController.h */ = {isa = PBXFileReference; fileEncoding = 4; lastKnownFileType = sourcecode.c.h; path = MiddleScoreViewController.h; sourceTree = "<group>"; };
		F0150794111FA3090031C193 /* MiddleScoreViewController.m */ = {isa = PBXFileReference; fileEncoding = 4; lastKnownFileType = sourcecode.c.objc; path = MiddleScoreViewController.m; sourceTree = "<group>"; };
		F0150795111FA3090031C193 /* MiddleScoreViewController.xib */ = {isa = PBXFileReference; lastKnownFileType = file.xib; name = MiddleScoreViewController.xib; path = Classes/MiddleScoreViewController.xib; sourceTree = "<group>"; };
		F0150798111FA33B0031C193 /* LowScoreViewConroller.h */ = {isa = PBXFileReference; fileEncoding = 4; lastKnownFileType = sourcecode.c.h; path = LowScoreViewConroller.h; sourceTree = "<group>"; };
		F0150799111FA33B0031C193 /* LowScoreViewConroller.m */ = {isa = PBXFileReference; fileEncoding = 4; lastKnownFileType = sourcecode.c.objc; path = LowScoreViewConroller.m; sourceTree = "<group>"; };
		F015079A111FA33B0031C193 /* LowScoreViewConroller.xib */ = {isa = PBXFileReference; lastKnownFileType = file.xib; name = LowScoreViewConroller.xib; path = Classes/LowScoreViewConroller.xib; sourceTree = "<group>"; };
		F015082511206B680031C193 /* HellCityAppsViewController.h */ = {isa = PBXFileReference; fileEncoding = 4; lastKnownFileType = sourcecode.c.h; path = HellCityAppsViewController.h; sourceTree = "<group>"; };
		F015082611206B680031C193 /* HellCityAppsViewController.m */ = {isa = PBXFileReference; fileEncoding = 4; lastKnownFileType = sourcecode.c.objc; path = HellCityAppsViewController.m; sourceTree = "<group>"; };
		F015082711206B680031C193 /* HellCityAppsViewController.xib */ = {isa = PBXFileReference; lastKnownFileType = file.xib; name = HellCityAppsViewController.xib; path = Classes/HellCityAppsViewController.xib; sourceTree = "<group>"; };
		F0150840112074220031C193 /* TwitterViewController.h */ = {isa = PBXFileReference; fileEncoding = 4; lastKnownFileType = sourcecode.c.h; path = TwitterViewController.h; sourceTree = "<group>"; };
		F0150841112074220031C193 /* TwitterViewController.m */ = {isa = PBXFileReference; fileEncoding = 4; lastKnownFileType = sourcecode.c.objc; path = TwitterViewController.m; sourceTree = "<group>"; };
		F0150842112074220031C193 /* TwitterViewController.xib */ = {isa = PBXFileReference; lastKnownFileType = file.xib; name = TwitterViewController.xib; path = Classes/TwitterViewController.xib; sourceTree = "<group>"; };
		F0180D0C11F4AFFC0042D979 /* iTunesArtWork */ = {isa = PBXFileReference; lastKnownFileType = file; path = iTunesArtWork; sourceTree = "<group>"; };
		F0286D0A10ED0D6A008EA040 /* icon.png */ = {isa = PBXFileReference; lastKnownFileType = image.png; path = icon.png; sourceTree = "<group>"; };
		F0286D4110EE09D4008EA040 /* Quiz_GameViewController.h */ = {isa = PBXFileReference; fileEncoding = 4; lastKnownFileType = sourcecode.c.h; path = Quiz_GameViewController.h; sourceTree = "<group>"; };
		F0286D4210EE09D4008EA040 /* Quiz_GameViewController.m */ = {isa = PBXFileReference; fileEncoding = 4; lastKnownFileType = sourcecode.c.objc; path = Quiz_GameViewController.m; sourceTree = "<group>"; };
		F0286D4610EE0A1D008EA040 /* Quiz_GameViewController.xib */ = {isa = PBXFileReference; lastKnownFileType = file.xib; path = Quiz_GameViewController.xib; sourceTree = "<group>"; };
		F028B167113357A4005C3AB3 /* Facebook_IQ_Button.png */ = {isa = PBXFileReference; lastKnownFileType = image.png; path = Facebook_IQ_Button.png; sourceTree = "<group>"; };
		F028B168113357A4005C3AB3 /* TryAgain_IQ_Button.png */ = {isa = PBXFileReference; lastKnownFileType = image.png; path = TryAgain_IQ_Button.png; sourceTree = "<group>"; };
		F028B169113357A4005C3AB3 /* Twitter_IQ_Button.png */ = {isa = PBXFileReference; lastKnownFileType = image.png; path = Twitter_IQ_Button.png; sourceTree = "<group>"; };
		F028B16A113357A4005C3AB3 /* MoreHellCityApps_IQ_Button.png */ = {isa = PBXFileReference; lastKnownFileType = image.png; path = MoreHellCityApps_IQ_Button.png; sourceTree = "<group>"; };
		F03187B0114095AD000021E9 /* Tattoo IQ.app */ = {isa = PBXFileReference; explicitFileType = wrapper.application; includeInIndex = 0; path = "Tattoo IQ.app"; sourceTree = BUILT_PRODUCTS_DIR; };
		F0D6080F1137EEC900D516BC /* Entitlements.plist */ = {isa = PBXFileReference; fileEncoding = 4; lastKnownFileType = text.plist.xml; path = Entitlements.plist; sourceTree = "<group>"; };
		F0EC167C10F76C2C00C1F361 /* _TattIQ_Questions_480x320.jpg */ = {isa = PBXFileReference; lastKnownFileType = image.jpeg; path = _TattIQ_Questions_480x320.jpg; sourceTree = "<group>"; };
		F0F3CC3A12031F4400A3599C /* QuestionHintText.h */ = {isa = PBXFileReference; fileEncoding = 4; lastKnownFileType = sourcecode.c.h; path = QuestionHintText.h; sourceTree = "<group>"; };
		F0F3CC3B12031F4400A3599C /* QuestionHintText.m */ = {isa = PBXFileReference; fileEncoding = 4; lastKnownFileType = sourcecode.c.objc; path = QuestionHintText.m; sourceTree = "<group>"; };
		F0F3CC3D12031F9600A3599C /* QuestionsThiredGeneration.h */ = {isa = PBXFileReference; fileEncoding = 4; lastKnownFileType = sourcecode.c.h; path = QuestionsThiredGeneration.h; sourceTree = "<group>"; };
		F0F3CC3E12031F9600A3599C /* QuestionsThiredGeneration.m */ = {isa = PBXFileReference; fileEncoding = 4; lastKnownFileType = sourcecode.c.objc; path = QuestionsThiredGeneration.m; sourceTree = "<group>"; };
/* End PBXFileReference section */

/* Begin PBXFrameworksBuildPhase section */
		1D60588F0D05DD3D006BFB54 /* Frameworks */ = {
			isa = PBXFrameworksBuildPhase;
			buildActionMask = 2147483647;
			files = (
				1D60589F0D05DD5A006BFB54 /* Foundation.framework in Frameworks */,
				1DF5F4E00D08C38300B7A737 /* UIKit.framework in Frameworks */,
				288765A50DF7441C002DB57D /* CoreGraphics.framework in Frameworks */,
			);
			runOnlyForDeploymentPostprocessing = 0;
		};
/* End PBXFrameworksBuildPhase section */

/* Begin PBXGroup section */
		080E96DDFE201D6D7F000001 /* Classes */ = {
			isa = PBXGroup;
			children = (
				1D3623240D0F684500981E51 /* Tattoo_IQ_QuizAppDelegate.h */,
				1D3623250D0F684500981E51 /* Tattoo_IQ_QuizAppDelegate.m */,
				28D7ACF60DDB3853001CB0EB /* Tattoo_IQ_QuizViewController.h */,
				28D7ACF70DDB3853001CB0EB /* Tattoo_IQ_QuizViewController.m */,
				F0286D4110EE09D4008EA040 /* Quiz_GameViewController.h */,
				F0286D4210EE09D4008EA040 /* Quiz_GameViewController.m */,
				F011297910FB987E00ECB428 /* InfoViewController.h */,
				F011297A10FB987E00ECB428 /* InfoViewController.m */,
				F0150704111F483C0031C193 /* FinalViewController.h */,
				F0150705111F483C0031C193 /* FinalViewController.m */,
				F0150793111FA3090031C193 /* MiddleScoreViewController.h */,
				F0150794111FA3090031C193 /* MiddleScoreViewController.m */,
				F0150798111FA33B0031C193 /* LowScoreViewConroller.h */,
				F0150799111FA33B0031C193 /* LowScoreViewConroller.m */,
				F015082511206B680031C193 /* HellCityAppsViewController.h */,
				F015082611206B680031C193 /* HellCityAppsViewController.m */,
				F0150840112074220031C193 /* TwitterViewController.h */,
				F0150841112074220031C193 /* TwitterViewController.m */,
			);
			path = Classes;
			sourceTree = "<group>";
		};
		19C28FACFE9D520D11CA2CBB /* Products */ = {
			isa = PBXGroup;
			children = (
				F03187B0114095AD000021E9 /* Tattoo IQ.app */,
			);
			name = Products;
			sourceTree = "<group>";
		};
		29B97314FDCFA39411CA2CEA /* CustomTemplate */ = {
			isa = PBXGroup;
			children = (
				1A0D099B16FB7F7400CB4EFA /* Default-568h@2x.png */,
				F0F3CC3912031F1600A3599C /* Modals */,
				080E96DDFE201D6D7F000001 /* Classes */,
				29B97315FDCFA39411CA2CEA /* Other Sources */,
				29B97317FDCFA39411CA2CEA /* Resources */,
				29B97323FDCFA39411CA2CEA /* Frameworks */,
				19C28FACFE9D520D11CA2CBB /* Products */,
				F0D6080F1137EEC900D516BC /* Entitlements.plist */,
			);
			name = CustomTemplate;
			sourceTree = "<group>";
		};
		29B97315FDCFA39411CA2CEA /* Other Sources */ = {
			isa = PBXGroup;
			children = (
				32CA4F630368D1EE00C91783 /* Tattoo_IQ_Quiz_Prefix.pch */,
				29B97316FDCFA39411CA2CEA /* main.m */,
			);
			name = "Other Sources";
			sourceTree = "<group>";
		};
		29B97317FDCFA39411CA2CEA /* Resources */ = {
			isa = PBXGroup;
			children = (
				F0180D0C11F4AFFC0042D979 /* iTunesArtWork */,
				F0180D0611F4AC800042D979 /* nibs */,
				F0180D0511F4AC790042D979 /* images */,
				8D1107310486CEB800E47090 /* Info.plist */,
			);
			name = Resources;
			sourceTree = "<group>";
		};
		29B97323FDCFA39411CA2CEA /* Frameworks */ = {
			isa = PBXGroup;
			children = (
				1DF5F4DF0D08C38300B7A737 /* UIKit.framework */,
				1D30AB110D05D00D00671497 /* Foundation.framework */,
				288765A40DF7441C002DB57D /* CoreGraphics.framework */,
			);
			name = Frameworks;
			sourceTree = "<group>";
		};
		F0180D0511F4AC790042D979 /* images */ = {
			isa = PBXGroup;
			children = (
				F011297C10FB989600ECB428 /* InfoViewController.xib */,
				F011297F10FB98EE00ECB428 /* _TattIQ_InfoPage_480x320.jpg */,
				F011293610F9FE8000ECB428 /* Default.jpg */,
				F0EC167C10F76C2C00C1F361 /* _TattIQ_Questions_480x320.jpg */,
				F0286D0A10ED0D6A008EA040 /* icon.png */,
				F028B167113357A4005C3AB3 /* Facebook_IQ_Button.png */,
				F028B168113357A4005C3AB3 /* TryAgain_IQ_Button.png */,
				F028B169113357A4005C3AB3 /* Twitter_IQ_Button.png */,
				F028B16A113357A4005C3AB3 /* MoreHellCityApps_IQ_Button.png */,
				F009E3F61132D2F9002AE76A /* MoreApps_tattooIQ.jpg */,
				F009E3F41132D2E3002AE76A /* Twitter_tattooIQ.jpg */,
				F009E3EC1132D04A002AE76A /* TryAgain_tattooIQ.jpg */,
			);
			name = images;
			sourceTree = "<group>";
		};
		F0180D0611F4AC800042D979 /* nibs */ = {
			isa = PBXGroup;
			children = (
				F0286D4610EE0A1D008EA040 /* Quiz_GameViewController.xib */,
				F0150842112074220031C193 /* TwitterViewController.xib */,
				2899E5210DE3E06400AC0155 /* Tattoo_IQ_QuizViewController.xib */,
				28AD733E0D9D9553002E5188 /* MainWindow.xib */,
				F015082711206B680031C193 /* HellCityAppsViewController.xib */,
				F015079A111FA33B0031C193 /* LowScoreViewConroller.xib */,
				F0150795111FA3090031C193 /* MiddleScoreViewController.xib */,
				F0150706111F483C0031C193 /* FinalViewController.xib */,
			);
			name = nibs;
			sourceTree = "<group>";
		};
		F0F3CC3912031F1600A3599C /* Modals */ = {
			isa = PBXGroup;
			children = (
				F0F3CC3A12031F4400A3599C /* QuestionHintText.h */,
				F0F3CC3B12031F4400A3599C /* QuestionHintText.m */,
				F0F3CC3D12031F9600A3599C /* QuestionsThiredGeneration.h */,
				F0F3CC3E12031F9600A3599C /* QuestionsThiredGeneration.m */,
			);
			name = Modals;
			sourceTree = "<group>";
		};
/* End PBXGroup section */

/* Begin PBXNativeTarget section */
		1D6058900D05DD3D006BFB54 /* Tattoo IQ */ = {
			isa = PBXNativeTarget;
			buildConfigurationList = 1D6058960D05DD3E006BFB54 /* Build configuration list for PBXNativeTarget "Tattoo IQ" */;
			buildPhases = (
				1D60588D0D05DD3D006BFB54 /* Resources */,
				1D60588E0D05DD3D006BFB54 /* Sources */,
				1D60588F0D05DD3D006BFB54 /* Frameworks */,
			);
			buildRules = (
			);
			dependencies = (
			);
			name = "Tattoo IQ";
			productName = "Tattoo IQ Quiz";
			productReference = F03187B0114095AD000021E9 /* Tattoo IQ.app */;
			productType = "com.apple.product-type.application";
		};
/* End PBXNativeTarget section */

/* Begin PBXProject section */
		29B97313FDCFA39411CA2CEA /* Project object */ = {
			isa = PBXProject;
			buildConfigurationList = C01FCF4E08A954540054247B /* Build configuration list for PBXProject "Tattoo IQ" */;
			compatibilityVersion = "Xcode 3.1";
			developmentRegion = English;
			hasScannedForEncodings = 1;
			knownRegions = (
				English,
				Japanese,
				French,
				German,
			);
			mainGroup = 29B97314FDCFA39411CA2CEA /* CustomTemplate */;
			projectDirPath = "";
			projectRoot = "";
			targets = (
				1D6058900D05DD3D006BFB54 /* Tattoo IQ */,
			);
		};
/* End PBXProject section */

/* Begin PBXResourcesBuildPhase section */
		1D60588D0D05DD3D006BFB54 /* Resources */ = {
			isa = PBXResourcesBuildPhase;
			buildActionMask = 2147483647;
			files = (
				28AD733F0D9D9553002E5188 /* MainWindow.xib in Resources */,
				2899E5220DE3E06400AC0155 /* Tattoo_IQ_QuizViewController.xib in Resources */,
				F0286D0B10ED0D6A008EA040 /* icon.png in Resources */,
				F0286D4710EE0A1D008EA040 /* Quiz_GameViewController.xib in Resources */,
				F0EC167D10F76C2C00C1F361 /* _TattIQ_Questions_480x320.jpg in Resources */,
				F011293710F9FE8000ECB428 /* Default.jpg in Resources */,
				F011297D10FB989600ECB428 /* InfoViewController.xib in Resources */,
				F011298010FB98EE00ECB428 /* _TattIQ_InfoPage_480x320.jpg in Resources */,
				F0150708111F483C0031C193 /* FinalViewController.xib in Resources */,
				F0150797111FA3090031C193 /* MiddleScoreViewController.xib in Resources */,
				F015079C111FA33B0031C193 /* LowScoreViewConroller.xib in Resources */,
				F015082911206B680031C193 /* HellCityAppsViewController.xib in Resources */,
				F0150844112074220031C193 /* TwitterViewController.xib in Resources */,
				F009E3ED1132D04A002AE76A /* TryAgain_tattooIQ.jpg in Resources */,
				F009E3F51132D2E3002AE76A /* Twitter_tattooIQ.jpg in Resources */,
				F009E3F71132D2F9002AE76A /* MoreApps_tattooIQ.jpg in Resources */,
				F028B16B113357A4005C3AB3 /* Facebook_IQ_Button.png in Resources */,
				F028B16C113357A4005C3AB3 /* TryAgain_IQ_Button.png in Resources */,
				F028B16D113357A4005C3AB3 /* Twitter_IQ_Button.png in Resources */,
				F028B16E113357A4005C3AB3 /* MoreHellCityApps_IQ_Button.png in Resources */,
				F0D608101137EEC900D516BC /* Entitlements.plist in Resources */,
				F0180D0D11F4AFFC0042D979 /* iTunesArtWork in Resources */,
				1A0D099C16FB7F7400CB4EFA /* Default-568h@2x.png in Resources */,
			);
			runOnlyForDeploymentPostprocessing = 0;
		};
/* End PBXResourcesBuildPhase section */

/* Begin PBXSourcesBuildPhase section */
		1D60588E0D05DD3D006BFB54 /* Sources */ = {
			isa = PBXSourcesBuildPhase;
			buildActionMask = 2147483647;
			files = (
				1D60589B0D05DD56006BFB54 /* main.m in Sources */,
				1D3623260D0F684500981E51 /* Tattoo_IQ_QuizAppDelegate.m in Sources */,
				28D7ACF80DDB3853001CB0EB /* Tattoo_IQ_QuizViewController.m in Sources */,
				F0286D4310EE09D4008EA040 /* Quiz_GameViewController.m in Sources */,
				F011297B10FB987E00ECB428 /* InfoViewController.m in Sources */,
				F0150707111F483C0031C193 /* FinalViewController.m in Sources */,
				F0150796111FA3090031C193 /* MiddleScoreViewController.m in Sources */,
				F015079B111FA33B0031C193 /* LowScoreViewConroller.m in Sources */,
				F015082811206B680031C193 /* HellCityAppsViewController.m in Sources */,
				F0150843112074220031C193 /* TwitterViewController.m in Sources */,
				F0F3CC3C12031F4400A3599C /* QuestionHintText.m in Sources */,
				F0F3CC3F12031F9600A3599C /* QuestionsThiredGeneration.m in Sources */,
			);
			runOnlyForDeploymentPostprocessing = 0;
		};
/* End PBXSourcesBuildPhase section */

/* Begin XCBuildConfiguration section */
		1D6058940D05DD3E006BFB54 /* Debug */ = {
			isa = XCBuildConfiguration;
			buildSettings = {
				ALWAYS_SEARCH_USER_PATHS = NO;
				COPY_PHASE_STRIP = NO;
				GCC_DYNAMIC_NO_PIC = NO;
				GCC_OPTIMIZATION_LEVEL = 0;
				GCC_PRECOMPILE_PREFIX_HEADER = YES;
				GCC_PREFIX_HEADER = Tattoo_IQ_Quiz_Prefix.pch;
				INFOPLIST_FILE = Info.plist;
				ONLY_ACTIVE_ARCH = NO;
				PRODUCT_NAME = "Tattoo IQ";
				SDKROOT = iphoneos;
			};
			name = Debug;
		};
		1D6058950D05DD3E006BFB54 /* Release */ = {
			isa = XCBuildConfiguration;
			buildSettings = {
				ALWAYS_SEARCH_USER_PATHS = NO;
				COPY_PHASE_STRIP = YES;
				GCC_PRECOMPILE_PREFIX_HEADER = YES;
				GCC_PREFIX_HEADER = Tattoo_IQ_Quiz_Prefix.pch;
				INFOPLIST_FILE = Info.plist;
				PRODUCT_NAME = "Tattoo IQ";
				SDKROOT = iphoneos;
			};
			name = Release;
		};
		C01FCF4F08A954540054247B /* Debug */ = {
			isa = XCBuildConfiguration;
			buildSettings = {
				ARCHS = "$(ARCHS_STANDARD_32_BIT)";
				CODE_SIGN_IDENTITY = Entitlements.plist;
				"CODE_SIGN_IDENTITY[sdk=iphoneos*]" = "iPhone Developer: Richard Morrison (535ST6MQ6F)";
				GCC_C_LANGUAGE_STANDARD = c99;
				GCC_WARN_ABOUT_RETURN_TYPE = YES;
				GCC_WARN_UNUSED_VARIABLE = YES;
				HEADER_SEARCH_PATHS = (
					/Users/frankmcauley/iPhone_Apps/Tattoo,
					IQ,
					Quiz/src,
				);
				ONLY_ACTIVE_ARCH = YES;
				PREBINDING = NO;
				SDKROOT = iphonesimulator4.0;
				USER_HEADER_SEARCH_PATHS = /Users/frankmcauley/Downloads/src/;
			};
			name = Debug;
		};
		C01FCF5008A954540054247B /* Release */ = {
			isa = XCBuildConfiguration;
			buildSettings = {
				ARCHS = "$(ARCHS_STANDARD_32_BIT)";
				CODE_SIGN_IDENTITY = Entitlements.plist;
				"CODE_SIGN_IDENTITY[sdk=iphoneos*]" = "iPhone Developer: Richard Morrison (535ST6MQ6F)";
				GCC_C_LANGUAGE_STANDARD = c99;
				GCC_WARN_ABOUT_RETURN_TYPE = YES;
				GCC_WARN_UNUSED_VARIABLE = YES;
				HEADER_SEARCH_PATHS = (
					/Users/frankmcauley/iPhone_Apps/Tattoo,
					IQ,
					Quiz/src,
				);
				PREBINDING = NO;
				SDKROOT = iphonesimulator4.0;
				USER_HEADER_SEARCH_PATHS = /Users/frankmcauley/Downloads/src/;
			};
			name = Release;
		};
		F0D607FE1137EA0500D516BC /* Distribution */ = {
			isa = XCBuildConfiguration;
			buildSettings = {
				ARCHS = "$(ARCHS_STANDARD_32_BIT)";
				CODE_SIGN_IDENTITY = "iPhone Developer: Richard Morrison (535ST6MQ6F)";
				"CODE_SIGN_IDENTITY[sdk=iphoneos*]" = "iPhone Developer: Richard Morrison (535ST6MQ6F)";
				CURRENT_PROJECT_VERSION = 1.04;
				GCC_C_LANGUAGE_STANDARD = c99;
				GCC_VERSION = com.apple.compilers.llvm.clang.1_0;
				GCC_WARN_ABOUT_RETURN_TYPE = YES;
				GCC_WARN_UNUSED_VARIABLE = YES;
				HEADER_SEARCH_PATHS = (
					/Users/frankmcauley/iPhone_Apps/Tattoo,
					IQ,
					Quiz/src,
				);
				IPHONEOS_DEPLOYMENT_TARGET = 3.1.3;
				OTHER_CFLAGS = "-D__IPHONE_OS_VERSION_MIN_REQUIRED=040100";
				PREBINDING = NO;
				PROVISIONING_PROFILE = "DF85EE76-8DB6-4039-8719-EE0480E9E4CC";
				"PROVISIONING_PROFILE[sdk=iphoneos*]" = "DF85EE76-8DB6-4039-8719-EE0480E9E4CC";
				SDKROOT = iphoneos4.1;
				USER_HEADER_SEARCH_PATHS = /Users/frankmcauley/Downloads/src/;
			};
			name = Distribution;
		};
		F0D607FF1137EA0500D516BC /* Distribution */ = {
			isa = XCBuildConfiguration;
			buildSettings = {
				ALWAYS_SEARCH_USER_PATHS = NO;
				COPY_PHASE_STRIP = YES;
				GCC_PRECOMPILE_PREFIX_HEADER = YES;
				GCC_PREFIX_HEADER = Tattoo_IQ_Quiz_Prefix.pch;
				INFOPLIST_FILE = Info.plist;
				PRODUCT_NAME = "Tattoo IQ";
				SDKROOT = iphoneos;
			};
			name = Distribution;
		};
/* End XCBuildConfiguration section */

/* Begin XCConfigurationList section */
		1D6058960D05DD3E006BFB54 /* Build configuration list for PBXNativeTarget "Tattoo IQ" */ = {
			isa = XCConfigurationList;
			buildConfigurations = (
				1D6058940D05DD3E006BFB54 /* Debug */,
				1D6058950D05DD3E006BFB54 /* Release */,
				F0D607FF1137EA0500D516BC /* Distribution */,
			);
			defaultConfigurationIsVisible = 0;
			defaultConfigurationName = Distribution;
		};
		C01FCF4E08A954540054247B /* Build configuration list for PBXProject "Tattoo IQ" */ = {
			isa = XCConfigurationList;
			buildConfigurations = (
				C01FCF4F08A954540054247B /* Debug */,
				C01FCF5008A954540054247B /* Release */,
				F0D607FE1137EA0500D516BC /* Distribution */,
			);
			defaultConfigurationIsVisible = 0;
			defaultConfigurationName = Distribution;
		};
/* End XCConfigurationList section */
	};
	rootObject = 29B97313FDCFA39411CA2CEA /* Project object */;
}
